
Microsoft Visual Studio Solution File, Format Version 12.00
# Visual Studio 15
VisualStudioVersion = 15.0.26228.9
MinimumVisualStudioVersion = 10.0.40219.1
Project("{FAE04EC0-301F-11D3-BF4B-00C04F79EFBC}") = "AlgoLundi", "AlgoLundi\AlgoLundi.csproj", "{5BD0129E-999C-4F37-AD16-EA84AADF73D0}"
EndProject
Project("{FAE04EC0-301F-11D3-BF4B-00C04F79EFBC}") = "Algo.Tests", "Algo.Tests\Algo.Tests.csproj", "{0826CCAD-0CAE-4335-B416-EB586FE73D3C}"
EndProject
Global
	GlobalSection(SolutionConfigurationPlatforms) = preSolution
		Debug|Any CPU = Debug|Any CPU
		Release|Any CPU = Release|Any CPU
	EndGlobalSection
	GlobalSection(ProjectConfigurationPlatforms) = postSolution
		{5BD0129E-999C-4F37-AD16-EA84AADF73D0}.Debug|Any CPU.ActiveCfg = Debug|Any CPU
		{5BD0129E-999C-4F37-AD16-EA84AADF73D0}.Debug|Any CPU.Build.0 = Debug|Any CPU
		{5BD0129E-999C-4F37-AD16-EA84AADF73D0}.Release|Any CPU.ActiveCfg = Release|Any CPU
		{5BD0129E-999C-4F37-AD16-EA84AADF73D0}.Release|Any CPU.Build.0 = Release|Any CPU
		{0826CCAD-0CAE-4335-B416-EB586FE73D3C}.Debug|Any CPU.ActiveCfg = Debug|Any CPU
		{0826CCAD-0CAE-4335-B416-EB586FE73D3C}.Debug|Any CPU.Build.0 = Debug|Any CPU
		{0826CCAD-0CAE-4335-B416-EB586FE73D3C}.Release|Any CPU.ActiveCfg = Release|Any CPU
		{0826CCAD-0CAE-4335-B416-EB586FE73D3C}.Release|Any CPU.Build.0 = Release|Any CPU
	EndGlobalSection
	GlobalSection(SolutionProperties) = preSolution
		HideSolutionNode = FALSE
	EndGlobalSection
EndGlobal
